
Microsoft Visual Studio Solution File, Format Version 12.00
# Visual Studio 15
VisualStudioVersion = 15.0.27130.2020
MinimumVisualStudioVersion = 10.0.40219.1
Project("{FAE04EC0-301F-11D3-BF4B-00C04F79EFBC}") = "IT2030_Lab02_Mosinski", "IT2030_Lab02_Mosinski\IT2030_Lab02_Mosinski.csproj", "{71831A2D-067E-4312-BEC9-9F3F916166E3}"
EndProject
Global
	GlobalSection(SolutionConfigurationPlatforms) = preSolution
		Debug|Any CPU = Debug|Any CPU
		Release|Any CPU = Release|Any CPU
	EndGlobalSection
	GlobalSection(ProjectConfigurationPlatforms) = postSolution
		{71831A2D-067E-4312-BEC9-9F3F916166E3}.Debug|Any CPU.ActiveCfg = Debug|Any CPU
		{71831A2D-067E-4312-BEC9-9F3F916166E3}.Debug|Any CPU.Build.0 = Debug|Any CPU
		{71831A2D-067E-4312-BEC9-9F3F916166E3}.Release|Any CPU.ActiveCfg = Release|Any CPU
		{71831A2D-067E-4312-BEC9-9F3F916166E3}.Release|Any CPU.Build.0 = Release|Any CPU
	EndGlobalSection
	GlobalSection(SolutionProperties) = preSolution
		HideSolutionNode = FALSE
	EndGlobalSection
	GlobalSection(ExtensibilityGlobals) = postSolution
		SolutionGuid = {7816549B-69BA-44BA-9973-A49362BF93A8}
	EndGlobalSection
EndGlobal
